{
  "name": "ask-user",
  "version": "1.0.0",
  "lockfileVersion": 3,
  "requires": true,
  "packages": {
    "": {
      "name": "ask-user",
      "version": "1.0.0",
      "dependencies": {
        "typebox": "^1.3.29"
      }
    },
    "node_modules/typebox": {
      "version": "1.3.29",
      "resolved": "https://registry.npmjs.org/typebox/-/typebox-1.3.29.tgz",
      "integrity": "sha512-TeCZPwJRvfv8hI9oEnQy1Rg7x9Ns1y9OeR94LSaND+lQTmhikE5DsZQNM3I5/tGnEEmeQf5XTLJgJBzXJNDUNA==",
      "license": "MIT"
    }
  }
}
